
Microsoft Visual Studio Solution File, Format Version 12.00
# Visual Studio 14
VisualStudioVersion = 14.0.25420.1
MinimumVisualStudioVersion = 10.0.40219.1
Project("{FAE04EC0-301F-11D3-BF4B-00C04F79EFBC}") = "CarboyWebService", "CarboyWebService\CarboyWebService.csproj", "{42F5FC7A-B4C0-47EC-AD6B-32535DAAFF89}"
EndProject
Project("{FAE04EC0-301F-11D3-BF4B-00C04F79EFBC}") = "CarboyWebServiceTests", "CarboyWebServiceTests\CarboyWebServiceTests.csproj", "{D576021B-EB4B-4495-B55E-406EEA4FE1CB}"
EndProject
Global
	GlobalSection(SolutionConfigurationPlatforms) = preSolution
		Debug|Any CPU = Debug|Any CPU
		QADebug|Any CPU = QADebug|Any CPU
		Release|Any CPU = Release|Any CPU
	EndGlobalSection
	GlobalSection(ProjectConfigurationPlatforms) = postSolution
		{42F5FC7A-B4C0-47EC-AD6B-32535DAAFF89}.Debug|Any CPU.ActiveCfg = Debug|Any CPU
		{42F5FC7A-B4C0-47EC-AD6B-32535DAAFF89}.Debug|Any CPU.Build.0 = Debug|Any CPU
		{42F5FC7A-B4C0-47EC-AD6B-32535DAAFF89}.QADebug|Any CPU.ActiveCfg = QADebug|Any CPU
		{42F5FC7A-B4C0-47EC-AD6B-32535DAAFF89}.QADebug|Any CPU.Build.0 = QADebug|Any CPU
		{42F5FC7A-B4C0-47EC-AD6B-32535DAAFF89}.Release|Any CPU.ActiveCfg = Release|Any CPU
		{42F5FC7A-B4C0-47EC-AD6B-32535DAAFF89}.Release|Any CPU.Build.0 = Release|Any CPU
		{D576021B-EB4B-4495-B55E-406EEA4FE1CB}.Debug|Any CPU.ActiveCfg = Debug|Any CPU
		{D576021B-EB4B-4495-B55E-406EEA4FE1CB}.Debug|Any CPU.Build.0 = Debug|Any CPU
		{D576021B-EB4B-4495-B55E-406EEA4FE1CB}.QADebug|Any CPU.ActiveCfg = QADebug|Any CPU
		{D576021B-EB4B-4495-B55E-406EEA4FE1CB}.QADebug|Any CPU.Build.0 = QADebug|Any CPU
		{D576021B-EB4B-4495-B55E-406EEA4FE1CB}.Release|Any CPU.ActiveCfg = Release|Any CPU
		{D576021B-EB4B-4495-B55E-406EEA4FE1CB}.Release|Any CPU.Build.0 = Release|Any CPU
	EndGlobalSection
	GlobalSection(SolutionProperties) = preSolution
		HideSolutionNode = FALSE
	EndGlobalSection
EndGlobal
